
Microsoft Visual Studio Solution File, Format Version 12.00
# Visual Studio Version 17
VisualStudioVersion = 17.4.33205.214
MinimumVisualStudioVersion = 10.0.40219.1
Project("{FAE04EC0-301F-11D3-BF4B-00C04F79EFBC}") = "TicTacToe_ConsoleApp", "TicTacToe_ConsoleApp\TicTacToe_ConsoleApp.csproj", "{A3CB8280-0175-4793-85EC-C2368D2912ED}"
EndProject
Global
	GlobalSection(SolutionConfigurationPlatforms) = preSolution
		Debug|Any CPU = Debug|Any CPU
		Release|Any CPU = Release|Any CPU
	EndGlobalSection
	GlobalSection(ProjectConfigurationPlatforms) = postSolution
		{A3CB8280-0175-4793-85EC-C2368D2912ED}.Debug|Any CPU.ActiveCfg = Debug|Any CPU
		{A3CB8280-0175-4793-85EC-C2368D2912ED}.Debug|Any CPU.Build.0 = Debug|Any CPU
		{A3CB8280-0175-4793-85EC-C2368D2912ED}.Release|Any CPU.ActiveCfg = Release|Any CPU
		{A3CB8280-0175-4793-85EC-C2368D2912ED}.Release|Any CPU.Build.0 = Release|Any CPU
	EndGlobalSection
	GlobalSection(SolutionProperties) = preSolution
		HideSolutionNode = FALSE
	EndGlobalSection
	GlobalSection(ExtensibilityGlobals) = postSolution
		SolutionGuid = {0BDFF542-91BE-4647-A2D6-542DEE2FF047}
	EndGlobalSection
EndGlobal
